# This file is autogenerated, do not edit; changes may be undone by the next 'dep ensure'.


[[projects]]
  digest = "1:ffe9824d294da03b391f44e1ae8281281b4afc1bdaa9588c9097785e3af10cec"
  name = "github.com/davecgh/go-spew"
  packages = ["spew"]
  pruneopts = "UT"
  revision = "8991bc29aa16c548c550c7ff78260e27b9ab7c73"
  version = "v1.1.1"

[[projects]]
  branch = "master"
  digest = "1:68cf7fb3705f6dd485634fe42f2b5f52987e5e4086e094f09c89690b0eeaade6"
  name = "github.com/go-shiori/go-readability"
  packages = ["."]
  pruneopts = "UT"
  revision = "b940ed0ce3294bd17d0d8869009cda348eac8fb5"

[[projects]]
  digest = "1:31e761d97c76151dde79e9d28964a812c46efc5baee4085b86f68f0c654450de"
  name = "github.com/konsorten/go-windows-terminal-sequences"
  packages = ["."]
  pruneopts = "UT"
  revision = "f55edac94c9bbba5d6182a4be46d86a2c9b5b50e"
  version = "v1.0.2"

[[projects]]
  digest = "1:0028cb19b2e4c3112225cd871870f2d9cf49b9b4276531f03438a88e94be86fe"
  name = "github.com/pmezard/go-difflib"
  packages = ["difflib"]
  pruneopts = "UT"
  revision = "792786c7400a136282c1664665ae0a8db921c6c2"
  version = "v1.0.0"

[[projects]]
  digest = "1:04457f9f6f3ffc5fea48e71d62f2ca256637dee0a04d710288e27e05c8b41976"
  name = "github.com/sirupsen/logrus"
  packages = ["."]
  pruneopts = "UT"
  revision = "839c75faf7f98a33d445d181f3018b5c3409a45e"
  version = "v1.4.2"

[[projects]]
  digest = "1:ac83cf90d08b63ad5f7e020ef480d319ae890c208f8524622a2f3136e2686b02"
  name = "github.com/stretchr/objx"
  packages = ["."]
  pruneopts = "UT"
  revision = "477a77ecc69700c7cdeb1fa9e129548e1c1c393c"
  version = "v0.1.1"

[[projects]]
  digest = "1:0bcc464dabcfad5393daf87c3f8142911d0f6c52569b837e91a1c15e890265f3"
  name = "github.com/stretchr/testify"
  packages = [
    "assert",
    "mock",
  ]
  pruneopts = "UT"
  revision = "ffdc059bfe9ce6a4e144ba849dbedead332c6053"
  version = "v1.3.0"

[[projects]]
  digest = "1:ac6bf759a8e921d2983758846434ecaed1d152cbd63a335a78b9c89d28c67249"
  name = "github.com/valyala/fastjson"
  packages = [
    ".",
    "fastfloat",
  ]
  pruneopts = "UT"
  revision = "37952265e1c05c1765a0b8d01efbde0b5b4e3913"
  version = "v1.0.0"

[[projects]]
  branch = "master"
  digest = "1:d7b978a787736537d0ad2f84c0e8b75b05c2febef0537198e28edf1cf2768afd"
  name = "golang.org/x/net"
  packages = [
    "html",
    "html/atom",
  ]
  pruneopts = "UT"
  revision = "ca1201d0de80cfde86cb01aea620983605dfe99b"

[[projects]]
  branch = "master"
  digest = "1:ec99dad7924bf972656818f5d62216fb987b7e077d401deb86b3c1e5e1b1d4d6"
  name = "golang.org/x/sys"
  packages = ["unix"]
  pruneopts = "UT"
  revision = "fc99dfbffb4e5ed5758a37e31dd861afe285406b"

[solve-meta]
  analyzer-name = "dep"
  analyzer-version = 1
  input-imports = [
    "github.com/go-shiori/go-readability",
    "github.com/stretchr/testify/assert",
    "github.com/stretchr/testify/mock",
    "github.com/valyala/fastjson",
  ]
  solver-name = "gps-cdcl"
  solver-version = 1
