# This file is autogenerated, do not edit; changes may be undone by the next 'dep ensure'.


[[projects]]
  digest = "1:cfa0d7741863a0e1d30e0ccdd4b48a96a471cdb47892303de8b92c3713af3e77"
  name = "github.com/pkg/profile"
  packages = ["."]
  pruneopts = "UT"
  revision = "5b67d428864e92711fcbd2f8629456121a56d91f"
  version = "v1.2.1"

[[projects]]
  digest = "1:ac6bf759a8e921d2983758846434ecaed1d152cbd63a335a78b9c89d28c67249"
  name = "github.com/valyala/fastjson"
  packages = [
    ".",
    "fastfloat",
  ]
  pruneopts = "UT"
  revision = "37952265e1c05c1765a0b8d01efbde0b5b4e3913"
  version = "v1.0.0"

[solve-meta]
  analyzer-name = "dep"
  analyzer-version = 1
  input-imports = [
    "github.com/pkg/profile",
    "github.com/valyala/fastjson",
  ]
  solver-name = "gps-cdcl"
  solver-version = 1
